PODS:
  - AmplitudeSwift (1.11.2):
    - AnalyticsConnector (~> 1.3.0)
  - AnalyticsConnector (1.3.1)
  - Capacitor (5.1.1):
    - CapacitorCordova
  - CapacitorCordova (5.1.1)

DEPENDENCIES:
  - AmplitudeSwift (= 1.11.2)
  - "Capacitor (from `../node_modules/@capacitor/ios`)"
  - "CapacitorCordova (from `../node_modules/@capacitor/ios`)"

SPEC REPOS:
  trunk:
    - AmplitudeSwift
    - AnalyticsConnector

EXTERNAL SOURCES:
  Capacitor:
    :path: "../node_modules/@capacitor/ios"
  CapacitorCordova:
    :path: "../node_modules/@capacitor/ios"

SPEC CHECKSUMS:
  AmplitudeSwift: ec670fe6f0a0b673bde44b6f02359993cc5513b1
  AnalyticsConnector: 3def11199b4ddcad7202c778bde982ec5da0ebb3
  Capacitor: 55956e1199b63efcd7f2dedffa5c6b9129c45aae
  CapacitorCordova: b31a46ad379c93a5c04e0598a6164e8cb90c2bb2

PODFILE CHECKSUM: 8366c3a20c7542ba151a45a1a3651bddcee2d511

COCOAPODS: 1.15.2
