PODS:
  - Amplitude (8.17.0):
    - AnalyticsConnector (~> 1.0.0)
  - AnalyticsConnector (1.0.1)
  - Capacitor (5.1.1):
    - CapacitorCordova
  - CapacitorCordova (5.1.1)

DEPENDENCIES:
  - Amplitude (= 8.17.0)
  - "Capacitor (from `../node_modules/@capacitor/ios`)"
  - "CapacitorCordova (from `../node_modules/@capacitor/ios`)"

SPEC REPOS:
  trunk:
    - Amplitude
    - AnalyticsConnector

EXTERNAL SOURCES:
  Capacitor:
    :path: "../node_modules/@capacitor/ios"
  CapacitorCordova:
    :path: "../node_modules/@capacitor/ios"

SPEC CHECKSUMS:
  Amplitude: 60cd14cbd02ca12b9179b89c3d411dd971cf9b7e
  AnalyticsConnector: eccd7e1cd3dd18e6bd09ac2506e37d4ed43ba3f4
  Capacitor: 55956e1199b63efcd7f2dedffa5c6b9129c45aae
  CapacitorCordova: b31a46ad379c93a5c04e0598a6164e8cb90c2bb2

PODFILE CHECKSUM: e5c50ded0f9ee1270d5616e52c80b539d4121c51

COCOAPODS: 1.12.1
