PODS:
  - Amplitude (8.14.0):
    - AnalyticsConnector (~> 1.0.0)
  - AnalyticsConnector (1.0.0)
  - Capacitor (3.6.0):
    - CapacitorCordova
  - CapacitorCordova (3.6.0)

DEPENDENCIES:
  - Amplitude (= 8.14.0)
  - "Capacitor (from `../node_modules/@capacitor/ios`)"
  - "CapacitorCordova (from `../node_modules/@capacitor/ios`)"

SPEC REPOS:
  trunk:
    - Amplitude
    - AnalyticsConnector

EXTERNAL SOURCES:
  Capacitor:
    :path: "../node_modules/@capacitor/ios"
  CapacitorCordova:
    :path: "../node_modules/@capacitor/ios"

SPEC CHECKSUMS:
  Amplitude: bff4ceaad2a79e908682134d75dc862960594ea6
  AnalyticsConnector: 4c386d5972ac9da86e22d668564dbbac97558754
  Capacitor: 838de9244464702bc67e3d47e81c471b79500059
  CapacitorCordova: d4a821a58b9b14452b05c583b0e52379e45810e5

PODFILE CHECKSUM: 989ee9287315aac659f5c65c142cf6556a6ca191

COCOAPODS: 1.10.1
